
Microsoft Visual Studio Solution File, Format Version 12.00
# Visual Studio Version 16
VisualStudioVersion = 16.0.30503.244
MinimumVisualStudioVersion = 10.0.40219.1
Project("{FAE04EC0-301F-11D3-BF4B-00C04F79EFBC}") = "WebAppTest", "WebAppTest\WebAppTest.csproj", "{2DA85B50-69E2-418C-A5F0-9FD457E70E81}"
EndProject
Global
	GlobalSection(SolutionConfigurationPlatforms) = preSolution
		Debug|Any CPU = Debug|Any CPU
		Release|Any CPU = Release|Any CPU
	EndGlobalSection
	GlobalSection(ProjectConfigurationPlatforms) = postSolution
		{2DA85B50-69E2-418C-A5F0-9FD457E70E81}.Debug|Any CPU.ActiveCfg = Debug|Any CPU
		{2DA85B50-69E2-418C-A5F0-9FD457E70E81}.Debug|Any CPU.Build.0 = Debug|Any CPU
		{2DA85B50-69E2-418C-A5F0-9FD457E70E81}.Release|Any CPU.ActiveCfg = Release|Any CPU
		{2DA85B50-69E2-418C-A5F0-9FD457E70E81}.Release|Any CPU.Build.0 = Release|Any CPU
	EndGlobalSection
	GlobalSection(SolutionProperties) = preSolution
		HideSolutionNode = FALSE
	EndGlobalSection
	GlobalSection(ExtensibilityGlobals) = postSolution
		SolutionGuid = {6DEE6200-D7F9-435C-942C-5FD26B65AF08}
	EndGlobalSection
EndGlobal
